<Solution>
  <Folder Name="/external/">
    <Project Path="external/WSGM.Device.Sdk/src/WSGM.Device.Sdk/WSGM.Device.Sdk.csproj" />
  </Folder>
  <Folder Name="/src/">
    <Project Path="src/WSGM.Launch/WSGM.Launch.csproj" />
    <Project Path="src/WSGM.LogonService/WSGM.LogonService.csproj" />
    <Project Path="src/WSGM/WSGM.csproj" />
  </Folder>
  <Folder Name="/tests/">
    <Project Path="tests/WSGM.Tests/WSGM.Tests.csproj" />
  </Folder>
</Solution>
